
Microsoft Visual Studio Solution File, Format Version 12.00
# Visual Studio 15
VisualStudioVersion = 15.0.28010.2003
MinimumVisualStudioVersion = 10.0.40219.1
Project("{8BC9CEB8-8B4A-11D0-8D11-00A0C91BC942}") = "ZooTycoon", "ZooTycoon\ZooTycoon.vcxproj", "{79B241B5-E4C1-4042-A48A-FC16A89EDFD6}"
EndProject
Global
	GlobalSection(SolutionConfigurationPlatforms) = preSolution
		Debug|x64 = Debug|x64
		Debug|x86 = Debug|x86
		Release|x64 = Release|x64
		Release|x86 = Release|x86
	EndGlobalSection
	GlobalSection(ProjectConfigurationPlatforms) = postSolution
		{79B241B5-E4C1-4042-A48A-FC16A89EDFD6}.Debug|x64.ActiveCfg = Debug|x64
		{79B241B5-E4C1-4042-A48A-FC16A89EDFD6}.Debug|x64.Build.0 = Debug|x64
		{79B241B5-E4C1-4042-A48A-FC16A89EDFD6}.Debug|x86.ActiveCfg = Debug|Win32
		{79B241B5-E4C1-4042-A48A-FC16A89EDFD6}.Debug|x86.Build.0 = Debug|Win32
		{79B241B5-E4C1-4042-A48A-FC16A89EDFD6}.Release|x64.ActiveCfg = Release|x64
		{79B241B5-E4C1-4042-A48A-FC16A89EDFD6}.Release|x64.Build.0 = Release|x64
		{79B241B5-E4C1-4042-A48A-FC16A89EDFD6}.Release|x86.ActiveCfg = Release|Win32
		{79B241B5-E4C1-4042-A48A-FC16A89EDFD6}.Release|x86.Build.0 = Release|Win32
	EndGlobalSection
	GlobalSection(SolutionProperties) = preSolution
		HideSolutionNode = FALSE
	EndGlobalSection
	GlobalSection(ExtensibilityGlobals) = postSolution
		SolutionGuid = {87E03948-263E-48E6-80C4-63EF2991768F}
	EndGlobalSection
EndGlobal
